// !$*UTF8*$!
{
	archiveVersion = 1;
	classes = {
	};
	objectVersion = 56;
	objects = {

/* Begin PBXBuildFile section */
		E7B2AE2D29E1C96400E0B57E /* AppDelegate.swift in Sources */ = {isa = PBXBuildFile; fileRef = E7B2AE2C29E1C96400E0B57E /* AppDelegate.swift */; };
		E7B2AE2F29E1C96400E0B57E /* SceneDelegate.swift in Sources */ = {isa = PBXBuildFile; fileRef = E7B2AE2E29E1C96400E0B57E /* SceneDelegate.swift */; };
		E7B2AE3129E1C96400E0B57E /* WeatherViewController.swift in Sources */ = {isa = PBXBuildFile; fileRef = E7B2AE3029E1C96400E0B57E /* WeatherViewController.swift */; };
		E7B2AE3429E1C96400E0B57E /* Main.storyboard in Resources */ = {isa = PBXBuildFile; fileRef = E7B2AE3229E1C96400E0B57E /* Main.storyboard */; };
		E7B2AE3629E1C96500E0B57E /* Assets.xcassets in Resources */ = {isa = PBXBuildFile; fileRef = E7B2AE3529E1C96500E0B57E /* Assets.xcassets */; };
		E7B2AE3929E1C96500E0B57E /* LaunchScreen.storyboard in Resources */ = {isa = PBXBuildFile; fileRef = E7B2AE3729E1C96500E0B57E /* LaunchScreen.storyboard */; };
		E7B2AE4929E1D0BA00E0B57E /* TranslationViewController.swift in Sources */ = {isa = PBXBuildFile; fileRef = E7B2AE4829E1D0BA00E0B57E /* TranslationViewController.swift */; };
		E7B2AE5129E1D69A00E0B57E /* ExchangeViewController.swift in Sources */ = {isa = PBXBuildFile; fileRef = E7B2AE5029E1D69A00E0B57E /* ExchangeViewController.swift */; };
		E7B2AE5329E42BA800E0B57E /* ExchangeService.swift in Sources */ = {isa = PBXBuildFile; fileRef = E7B2AE5229E42BA800E0B57E /* ExchangeService.swift */; };
		E7B2AE5529E4420F00E0B57E /* QuoteService.swift in Sources */ = {isa = PBXBuildFile; fileRef = E7B2AE5429E4420F00E0B57E /* QuoteService.swift */; };
/* End PBXBuildFile section */

/* Begin PBXFileReference section */
		E7B2AE2929E1C96400E0B57E /* Baluchon.app */ = {isa = PBXFileReference; explicitFileType = wrapper.application; includeInIndex = 0; path = Baluchon.app; sourceTree = BUILT_PRODUCTS_DIR; };
		E7B2AE2C29E1C96400E0B57E /* AppDelegate.swift */ = {isa = PBXFileReference; lastKnownFileType = sourcecode.swift; path = AppDelegate.swift; sourceTree = "<group>"; };
		E7B2AE2E29E1C96400E0B57E /* SceneDelegate.swift */ = {isa = PBXFileReference; lastKnownFileType = sourcecode.swift; path = SceneDelegate.swift; sourceTree = "<group>"; };
		E7B2AE3029E1C96400E0B57E /* WeatherViewController.swift */ = {isa = PBXFileReference; lastKnownFileType = sourcecode.swift; path = WeatherViewController.swift; sourceTree = "<group>"; };
		E7B2AE3329E1C96400E0B57E /* Base */ = {isa = PBXFileReference; lastKnownFileType = file.storyboard; name = Base; path = Base.lproj/Main.storyboard; sourceTree = "<group>"; };
		E7B2AE3529E1C96500E0B57E /* Assets.xcassets */ = {isa = PBXFileReference; lastKnownFileType = folder.assetcatalog; path = Assets.xcassets; sourceTree = "<group>"; };
		E7B2AE3829E1C96500E0B57E /* Base */ = {isa = PBXFileReference; lastKnownFileType = file.storyboard; name = Base; path = Base.lproj/LaunchScreen.storyboard; sourceTree = "<group>"; };
		E7B2AE3A29E1C96500E0B57E /* Info.plist */ = {isa = PBXFileReference; lastKnownFileType = text.plist.xml; path = Info.plist; sourceTree = "<group>"; };
		E7B2AE4829E1D0BA00E0B57E /* TranslationViewController.swift */ = {isa = PBXFileReference; lastKnownFileType = sourcecode.swift; path = TranslationViewController.swift; sourceTree = "<group>"; };
		E7B2AE5029E1D69A00E0B57E /* ExchangeViewController.swift */ = {isa = PBXFileReference; lastKnownFileType = sourcecode.swift; path = ExchangeViewController.swift; sourceTree = "<group>"; };
		E7B2AE5229E42BA800E0B57E /* ExchangeService.swift */ = {isa = PBXFileReference; lastKnownFileType = sourcecode.swift; path = ExchangeService.swift; sourceTree = "<group>"; };
		E7B2AE5429E4420F00E0B57E /* QuoteService.swift */ = {isa = PBXFileReference; lastKnownFileType = sourcecode.swift; path = QuoteService.swift; sourceTree = "<group>"; };
/* End PBXFileReference section */

/* Begin PBXFrameworksBuildPhase section */
		E7B2AE2629E1C96400E0B57E /* Frameworks */ = {
			isa = PBXFrameworksBuildPhase;
			buildActionMask = 2147483647;
			files = (
			);
			runOnlyForDeploymentPostprocessing = 0;
		};
/* End PBXFrameworksBuildPhase section */

/* Begin PBXGroup section */
		E7B2AE2029E1C96400E0B57E = {
			isa = PBXGroup;
			children = (
				E7B2AE2B29E1C96400E0B57E /* Baluchon */,
				E7B2AE2A29E1C96400E0B57E /* Products */,
			);
			sourceTree = "<group>";
		};
		E7B2AE2A29E1C96400E0B57E /* Products */ = {
			isa = PBXGroup;
			children = (
				E7B2AE2929E1C96400E0B57E /* Baluchon.app */,
			);
			name = Products;
			sourceTree = "<group>";
		};
		E7B2AE2B29E1C96400E0B57E /* Baluchon */ = {
			isa = PBXGroup;
			children = (
				E7B2AE4029E1C98300E0B57E /* Supporting Files */,
				E7B2AE4329E1C9AD00E0B57E /* Model */,
				E7B2AE4229E1C9A900E0B57E /* View */,
				E7B2AE4129E1C9A400E0B57E /* Controller */,
				E7B2AE3A29E1C96500E0B57E /* Info.plist */,
			);
			path = Baluchon;
			sourceTree = "<group>";
		};
		E7B2AE4029E1C98300E0B57E /* Supporting Files */ = {
			isa = PBXGroup;
			children = (
				E7B2AE2C29E1C96400E0B57E /* AppDelegate.swift */,
				E7B2AE2E29E1C96400E0B57E /* SceneDelegate.swift */,
				E7B2AE3529E1C96500E0B57E /* Assets.xcassets */,
			);
			path = "Supporting Files";
			sourceTree = "<group>";
		};
		E7B2AE4129E1C9A400E0B57E /* Controller */ = {
			isa = PBXGroup;
			children = (
				E7B2AE4829E1D0BA00E0B57E /* TranslationViewController.swift */,
				E7B2AE5029E1D69A00E0B57E /* ExchangeViewController.swift */,
				E7B2AE3029E1C96400E0B57E /* WeatherViewController.swift */,
			);
			path = Controller;
			sourceTree = "<group>";
		};
		E7B2AE4229E1C9A900E0B57E /* View */ = {
			isa = PBXGroup;
			children = (
				E7B2AE3729E1C96500E0B57E /* LaunchScreen.storyboard */,
				E7B2AE3229E1C96400E0B57E /* Main.storyboard */,
			);
			path = View;
			sourceTree = "<group>";
		};
		E7B2AE4329E1C9AD00E0B57E /* Model */ = {
			isa = PBXGroup;
			children = (
				E7B2AE5229E42BA800E0B57E /* ExchangeService.swift */,
				E7B2AE5429E4420F00E0B57E /* QuoteService.swift */,
			);
			path = Model;
			sourceTree = "<group>";
		};
/* End PBXGroup section */

/* Begin PBXNativeTarget section */
		E7B2AE2829E1C96400E0B57E /* Baluchon */ = {
			isa = PBXNativeTarget;
			buildConfigurationList = E7B2AE3D29E1C96500E0B57E /* Build configuration list for PBXNativeTarget "Baluchon" */;
			buildPhases = (
				E7B2AE2529E1C96400E0B57E /* Sources */,
				E7B2AE2629E1C96400E0B57E /* Frameworks */,
				E7B2AE2729E1C96400E0B57E /* Resources */,
			);
			buildRules = (
			);
			dependencies = (
			);
			name = Baluchon;
			productName = Baluchon;
			productReference = E7B2AE2929E1C96400E0B57E /* Baluchon.app */;
			productType = "com.apple.product-type.application";
		};
/* End PBXNativeTarget section */

/* Begin PBXProject section */
		E7B2AE2129E1C96400E0B57E /* Project object */ = {
			isa = PBXProject;
			attributes = {
				BuildIndependentTargetsInParallel = 1;
				LastSwiftUpdateCheck = 1430;
				LastUpgradeCheck = 1430;
				TargetAttributes = {
					E7B2AE2829E1C96400E0B57E = {
						CreatedOnToolsVersion = 14.3;
					};
				};
			};
			buildConfigurationList = E7B2AE2429E1C96400E0B57E /* Build configuration list for PBXProject "Baluchon" */;
			compatibilityVersion = "Xcode 14.0";
			developmentRegion = en;
			hasScannedForEncodings = 0;
			knownRegions = (
				en,
				Base,
			);
			mainGroup = E7B2AE2029E1C96400E0B57E;
			productRefGroup = E7B2AE2A29E1C96400E0B57E /* Products */;
			projectDirPath = "";
			projectRoot = "";
			targets = (
				E7B2AE2829E1C96400E0B57E /* Baluchon */,
			);
		};
/* End PBXProject section */

/* Begin PBXResourcesBuildPhase section */
		E7B2AE2729E1C96400E0B57E /* Resources */ = {
			isa = PBXResourcesBuildPhase;
			buildActionMask = 2147483647;
			files = (
				E7B2AE3929E1C96500E0B57E /* LaunchScreen.storyboard in Resources */,
				E7B2AE3629E1C96500E0B57E /* Assets.xcassets in Resources */,
				E7B2AE3429E1C96400E0B57E /* Main.storyboard in Resources */,
			);
			runOnlyForDeploymentPostprocessing = 0;
		};
/* End PBXResourcesBuildPhase section */

/* Begin PBXSourcesBuildPhase section */
		E7B2AE2529E1C96400E0B57E /* Sources */ = {
			isa = PBXSourcesBuildPhase;
			buildActionMask = 2147483647;
			files = (
				E7B2AE5529E4420F00E0B57E /* QuoteService.swift in Sources */,
				E7B2AE3129E1C96400E0B57E /* WeatherViewController.swift in Sources */,
				E7B2AE5129E1D69A00E0B57E /* ExchangeViewController.swift in Sources */,
				E7B2AE5329E42BA800E0B57E /* ExchangeService.swift in Sources */,
				E7B2AE4929E1D0BA00E0B57E /* TranslationViewController.swift in Sources */,
				E7B2AE2D29E1C96400E0B57E /* AppDelegate.swift in Sources */,
				E7B2AE2F29E1C96400E0B57E /* SceneDelegate.swift in Sources */,
			);
			runOnlyForDeploymentPostprocessing = 0;
		};
/* End PBXSourcesBuildPhase section */

/* Begin PBXVariantGroup section */
		E7B2AE3229E1C96400E0B57E /* Main.storyboard */ = {
			isa = PBXVariantGroup;
			children = (
				E7B2AE3329E1C96400E0B57E /* Base */,
			);
			name = Main.storyboard;
			sourceTree = "<group>";
		};
		E7B2AE3729E1C96500E0B57E /* LaunchScreen.storyboard */ = {
			isa = PBXVariantGroup;
			children = (
				E7B2AE3829E1C96500E0B57E /* Base */,
			);
			name = LaunchScreen.storyboard;
			sourceTree = "<group>";
		};
/* End PBXVariantGroup section */

/* Begin XCBuildConfiguration section */
		E7B2AE3B29E1C96500E0B57E /* Debug */ = {
			isa = XCBuildConfiguration;
			buildSettings = {
				ALWAYS_SEARCH_USER_PATHS = NO;
				CLANG_ANALYZER_NONNULL = YES;
				CLANG_ANALYZER_NUMBER_OBJECT_CONVERSION = YES_AGGRESSIVE;
				CLANG_CXX_LANGUAGE_STANDARD = "gnu++20";
				CLANG_ENABLE_MODULES = YES;
				CLANG_ENABLE_OBJC_ARC = YES;
				CLANG_ENABLE_OBJC_WEAK = YES;
				CLANG_WARN_BLOCK_CAPTURE_AUTORELEASING = YES;
				CLANG_WARN_BOOL_CONVERSION = YES;
				CLANG_WARN_COMMA = YES;
				CLANG_WARN_CONSTANT_CONVERSION = YES;
				CLANG_WARN_DEPRECATED_OBJC_IMPLEMENTATIONS = YES;
				CLANG_WARN_DIRECT_OBJC_ISA_USAGE = YES_ERROR;
				CLANG_WARN_DOCUMENTATION_COMMENTS = YES;
				CLANG_WARN_EMPTY_BODY = YES;
				CLANG_WARN_ENUM_CONVERSION = YES;
				CLANG_WARN_INFINITE_RECURSION = YES;
				CLANG_WARN_INT_CONVERSION = YES;
				CLANG_WARN_NON_LITERAL_NULL_CONVERSION = YES;
				CLANG_WARN_OBJC_IMPLICIT_RETAIN_SELF = YES;
				CLANG_WARN_OBJC_LITERAL_CONVERSION = YES;
				CLANG_WARN_OBJC_ROOT_CLASS = YES_ERROR;
				CLANG_WARN_QUOTED_INCLUDE_IN_FRAMEWORK_HEADER = YES;
				CLANG_WARN_RANGE_LOOP_ANALYSIS = YES;
				CLANG_WARN_STRICT_PROTOTYPES = YES;
				CLANG_WARN_SUSPICIOUS_MOVE = YES;
				CLANG_WARN_UNGUARDED_AVAILABILITY = YES_AGGRESSIVE;
				CLANG_WARN_UNREACHABLE_CODE = YES;
				CLANG_WARN__DUPLICATE_METHOD_MATCH = YES;
				COPY_PHASE_STRIP = NO;
				DEBUG_INFORMATION_FORMAT = dwarf;
				ENABLE_STRICT_OBJC_MSGSEND = YES;
				ENABLE_TESTABILITY = YES;
				GCC_C_LANGUAGE_STANDARD = gnu11;
				GCC_DYNAMIC_NO_PIC = NO;
				GCC_NO_COMMON_BLOCKS = YES;
				GCC_OPTIMIZATION_LEVEL = 0;
				GCC_PREPROCESSOR_DEFINITIONS = (
					"DEBUG=1",
					"$(inherited)",
				);
				GCC_WARN_64_TO_32_BIT_CONVERSION = YES;
				GCC_WARN_ABOUT_RETURN_TYPE = YES_ERROR;
				GCC_WARN_UNDECLARED_SELECTOR = YES;
				GCC_WARN_UNINITIALIZED_AUTOS = YES_AGGRESSIVE;
				GCC_WARN_UNUSED_FUNCTION = YES;
				GCC_WARN_UNUSED_VARIABLE = YES;
				IPHONEOS_DEPLOYMENT_TARGET = 11.0;
				MTL_ENABLE_DEBUG_INFO = INCLUDE_SOURCE;
				MTL_FAST_MATH = YES;
				ONLY_ACTIVE_ARCH = YES;
				SDKROOT = iphoneos;
				SWIFT_ACTIVE_COMPILATION_CONDITIONS = DEBUG;
				SWIFT_OPTIMIZATION_LEVEL = "-Onone";
			};
			name = Debug;
		};
		E7B2AE3C29E1C96500E0B57E /* Release */ = {
			isa = XCBuildConfiguration;
			buildSettings = {
				ALWAYS_SEARCH_USER_PATHS = NO;
				CLANG_ANALYZER_NONNULL = YES;
				CLANG_ANALYZER_NUMBER_OBJECT_CONVERSION = YES_AGGRESSIVE;
				CLANG_CXX_LANGUAGE_STANDARD = "gnu++20";
				CLANG_ENABLE_MODULES = YES;
				CLANG_ENABLE_OBJC_ARC = YES;
				CLANG_ENABLE_OBJC_WEAK = YES;
				CLANG_WARN_BLOCK_CAPTURE_AUTORELEASING = YES;
				CLANG_WARN_BOOL_CONVERSION = YES;
				CLANG_WARN_COMMA = YES;
				CLANG_WARN_CONSTANT_CONVERSION = YES;
				CLANG_WARN_DEPRECATED_OBJC_IMPLEMENTATIONS = YES;
				CLANG_WARN_DIRECT_OBJC_ISA_USAGE = YES_ERROR;
				CLANG_WARN_DOCUMENTATION_COMMENTS = YES;
				CLANG_WARN_EMPTY_BODY = YES;
				CLANG_WARN_ENUM_CONVERSION = YES;
				CLANG_WARN_INFINITE_RECURSION = YES;
				CLANG_WARN_INT_CONVERSION = YES;
				CLANG_WARN_NON_LITERAL_NULL_CONVERSION = YES;
				CLANG_WARN_OBJC_IMPLICIT_RETAIN_SELF = YES;
				CLANG_WARN_OBJC_LITERAL_CONVERSION = YES;
				CLANG_WARN_OBJC_ROOT_CLASS = YES_ERROR;
				CLANG_WARN_QUOTED_INCLUDE_IN_FRAMEWORK_HEADER = YES;
				CLANG_WARN_RANGE_LOOP_ANALYSIS = YES;
				CLANG_WARN_STRICT_PROTOTYPES = YES;
				CLANG_WARN_SUSPICIOUS_MOVE = YES;
				CLANG_WARN_UNGUARDED_AVAILABILITY = YES_AGGRESSIVE;
				CLANG_WARN_UNREACHABLE_CODE = YES;
				CLANG_WARN__DUPLICATE_METHOD_MATCH = YES;
				COPY_PHASE_STRIP = NO;
				DEBUG_INFORMATION_FORMAT = "dwarf-with-dsym";
				ENABLE_NS_ASSERTIONS = NO;
				ENABLE_STRICT_OBJC_MSGSEND = YES;
				GCC_C_LANGUAGE_STANDARD = gnu11;
				GCC_NO_COMMON_BLOCKS = YES;
				GCC_WARN_64_TO_32_BIT_CONVERSION = YES;
				GCC_WARN_ABOUT_RETURN_TYPE = YES_ERROR;
				GCC_WARN_UNDECLARED_SELECTOR = YES;
				GCC_WARN_UNINITIALIZED_AUTOS = YES_AGGRESSIVE;
				GCC_WARN_UNUSED_FUNCTION = YES;
				GCC_WARN_UNUSED_VARIABLE = YES;
				IPHONEOS_DEPLOYMENT_TARGET = 11.0;
				MTL_ENABLE_DEBUG_INFO = NO;
				MTL_FAST_MATH = YES;
				SDKROOT = iphoneos;
				SWIFT_COMPILATION_MODE = wholemodule;
				SWIFT_OPTIMIZATION_LEVEL = "-O";
				VALIDATE_PRODUCT = YES;
			};
			name = Release;
		};
		E7B2AE3E29E1C96500E0B57E /* Debug */ = {
			isa = XCBuildConfiguration;
			buildSettings = {
				ASSETCATALOG_COMPILER_APPICON_NAME = AppIcon;
				ASSETCATALOG_COMPILER_GLOBAL_ACCENT_COLOR_NAME = AccentColor;
				CODE_SIGN_STYLE = Automatic;
				CURRENT_PROJECT_VERSION = 1;
				DEVELOPMENT_TEAM = U5R2PN4JX7;
				GENERATE_INFOPLIST_FILE = YES;
				INFOPLIST_FILE = Baluchon/Info.plist;
				INFOPLIST_KEY_UIApplicationSupportsIndirectInputEvents = YES;
				INFOPLIST_KEY_UILaunchStoryboardName = LaunchScreen;
				INFOPLIST_KEY_UIMainStoryboardFile = Main;
				INFOPLIST_KEY_UISupportedInterfaceOrientations_iPad = "UIInterfaceOrientationPortrait UIInterfaceOrientationPortraitUpsideDown UIInterfaceOrientationLandscapeLeft UIInterfaceOrientationLandscapeRight";
				INFOPLIST_KEY_UISupportedInterfaceOrientations_iPhone = "UIInterfaceOrientationPortrait UIInterfaceOrientationLandscapeLeft UIInterfaceOrientationLandscapeRight";
				LD_RUNPATH_SEARCH_PATHS = (
					"$(inherited)",
					"@executable_path/Frameworks",
				);
				MARKETING_VERSION = 1.0;
				PRODUCT_BUNDLE_IDENTIFIER = fr.PolyPhonex.Baluchon;
				PRODUCT_NAME = "$(TARGET_NAME)";
				SWIFT_EMIT_LOC_STRINGS = YES;
				SWIFT_VERSION = 5.0;
				TARGETED_DEVICE_FAMILY = "1,2";
			};
			name = Debug;
		};
		E7B2AE3F29E1C96500E0B57E /* Release */ = {
			isa = XCBuildConfiguration;
			buildSettings = {
				ASSETCATALOG_COMPILER_APPICON_NAME = AppIcon;
				ASSETCATALOG_COMPILER_GLOBAL_ACCENT_COLOR_NAME = AccentColor;
				CODE_SIGN_STYLE = Automatic;
				CURRENT_PROJECT_VERSION = 1;
				DEVELOPMENT_TEAM = U5R2PN4JX7;
				GENERATE_INFOPLIST_FILE = YES;
				INFOPLIST_FILE = Baluchon/Info.plist;
				INFOPLIST_KEY_UIApplicationSupportsIndirectInputEvents = YES;
				INFOPLIST_KEY_UILaunchStoryboardName = LaunchScreen;
				INFOPLIST_KEY_UIMainStoryboardFile = Main;
				INFOPLIST_KEY_UISupportedInterfaceOrientations_iPad = "UIInterfaceOrientationPortrait UIInterfaceOrientationPortraitUpsideDown UIInterfaceOrientationLandscapeLeft UIInterfaceOrientationLandscapeRight";
				INFOPLIST_KEY_UISupportedInterfaceOrientations_iPhone = "UIInterfaceOrientationPortrait UIInterfaceOrientationLandscapeLeft UIInterfaceOrientationLandscapeRight";
				LD_RUNPATH_SEARCH_PATHS = (
					"$(inherited)",
					"@executable_path/Frameworks",
				);
				MARKETING_VERSION = 1.0;
				PRODUCT_BUNDLE_IDENTIFIER = fr.PolyPhonex.Baluchon;
				PRODUCT_NAME = "$(TARGET_NAME)";
				SWIFT_EMIT_LOC_STRINGS = YES;
				SWIFT_VERSION = 5.0;
				TARGETED_DEVICE_FAMILY = "1,2";
			};
			name = Release;
		};
/* End XCBuildConfiguration section */

/* Begin XCConfigurationList section */
		E7B2AE2429E1C96400E0B57E /* Build configuration list for PBXProject "Baluchon" */ = {
			isa = XCConfigurationList;
			buildConfigurations = (
				E7B2AE3B29E1C96500E0B57E /* Debug */,
				E7B2AE3C29E1C96500E0B57E /* Release */,
			);
			defaultConfigurationIsVisible = 0;
			defaultConfigurationName = Release;
		};
		E7B2AE3D29E1C96500E0B57E /* Build configuration list for PBXNativeTarget "Baluchon" */ = {
			isa = XCConfigurationList;
			buildConfigurations = (
				E7B2AE3E29E1C96500E0B57E /* Debug */,
				E7B2AE3F29E1C96500E0B57E /* Release */,
			);
			defaultConfigurationIsVisible = 0;
			defaultConfigurationName = Release;
		};
/* End XCConfigurationList section */
	};
	rootObject = E7B2AE2129E1C96400E0B57E /* Project object */;
}
